// !$*UTF8*$!
{
	archiveVersion = 1;
	classes = {
	};
	objectVersion = 55;
	objects = {

/* Begin PBXBuildFile section */
		A346D45F28E72E1C004AEF78 /* Networking in Frameworks */ = {isa = PBXBuildFile; productRef = A346D45E28E72E1C004AEF78 /* Networking */; };
		A373451B28E23EC500DA7143 /* CharacterListViewModelTests.swift in Sources */ = {isa = PBXBuildFile; fileRef = A373451A28E23EC500DA7143 /* CharacterListViewModelTests.swift */; };
		A373452328E2406700DA7143 /* CharacterListViewModelDoubles.swift in Sources */ = {isa = PBXBuildFile; fileRef = A373452228E2406700DA7143 /* CharacterListViewModelDoubles.swift */; };
		A395D71528E5B445002F719C /* CharacterCoordinator.swift in Sources */ = {isa = PBXBuildFile; fileRef = A395D71428E5B445002F719C /* CharacterCoordinator.swift */; };
		A395D71728E5B5F9002F719C /* CharacterCoordinatorView.swift in Sources */ = {isa = PBXBuildFile; fileRef = A395D71628E5B5F9002F719C /* CharacterCoordinatorView.swift */; };
		A395D71D28E5C39C002F719C /* AppContainer.swift in Sources */ = {isa = PBXBuildFile; fileRef = A395D71C28E5C39C002F719C /* AppContainer.swift */; };
		A395D71F28E5CDA4002F719C /* AppDelegate.swift in Sources */ = {isa = PBXBuildFile; fileRef = A395D71E28E5CDA4002F719C /* AppDelegate.swift */; };
		A3AF32CB28E72E9200E6445E /* NetworkingInterface in Frameworks */ = {isa = PBXBuildFile; productRef = A3AF32CA28E72E9200E6445E /* NetworkingInterface */; };
		A3CA7F7028E6EE95008DF69B /* CharactersListContainer.swift in Sources */ = {isa = PBXBuildFile; fileRef = A3CA7F6F28E6EE95008DF69B /* CharactersListContainer.swift */; };
		A3EC370B28E1AF4900329FF4 /* BreakingBadApp.swift in Sources */ = {isa = PBXBuildFile; fileRef = A3EC370A28E1AF4900329FF4 /* BreakingBadApp.swift */; };
		A3EC370F28E1AF4A00329FF4 /* Assets.xcassets in Resources */ = {isa = PBXBuildFile; fileRef = A3EC370E28E1AF4A00329FF4 /* Assets.xcassets */; };
		A3EC371228E1AF4A00329FF4 /* Preview Assets.xcassets in Resources */ = {isa = PBXBuildFile; fileRef = A3EC371128E1AF4A00329FF4 /* Preview Assets.xcassets */; };
		A3EE3D8428E70D97004AD9B7 /* CharacterDetails in Frameworks */ = {isa = PBXBuildFile; productRef = A3EE3D8328E70D97004AD9B7 /* CharacterDetails */; };
		A3EE3D8628E70D9A004AD9B7 /* CharacterList in Frameworks */ = {isa = PBXBuildFile; productRef = A3EE3D8528E70D9A004AD9B7 /* CharacterList */; };
/* End PBXBuildFile section */

/* Begin PBXContainerItemProxy section */
		A373451C28E23EC500DA7143 /* PBXContainerItemProxy */ = {
			isa = PBXContainerItemProxy;
			containerPortal = A3EC36FF28E1AF4900329FF4 /* Project object */;
			proxyType = 1;
			remoteGlobalIDString = A3EC370628E1AF4900329FF4;
			remoteInfo = BreakingBad;
		};
/* End PBXContainerItemProxy section */

/* Begin PBXFileReference section */
		A324610328E732570073E7D8 /* CharacterModels */ = {isa = PBXFileReference; lastKnownFileType = wrapper; name = CharacterModels; path = ../Common/CharacterModels; sourceTree = "<group>"; };
		A3413BB828E7244D003F1CC1 /* Utilities */ = {isa = PBXFileReference; lastKnownFileType = wrapper; name = Utilities; path = BreakingBad/Common/Utilities; sourceTree = "<group>"; };
		A373451828E23EC500DA7143 /* BreakingBadTests.xctest */ = {isa = PBXFileReference; explicitFileType = wrapper.cfbundle; includeInIndex = 0; path = BreakingBadTests.xctest; sourceTree = BUILT_PRODUCTS_DIR; };
		A373451A28E23EC500DA7143 /* CharacterListViewModelTests.swift */ = {isa = PBXFileReference; lastKnownFileType = sourcecode.swift; path = CharacterListViewModelTests.swift; sourceTree = "<group>"; };
		A373452228E2406700DA7143 /* CharacterListViewModelDoubles.swift */ = {isa = PBXFileReference; lastKnownFileType = sourcecode.swift; path = CharacterListViewModelDoubles.swift; sourceTree = "<group>"; };
		A395D71428E5B445002F719C /* CharacterCoordinator.swift */ = {isa = PBXFileReference; lastKnownFileType = sourcecode.swift; path = CharacterCoordinator.swift; sourceTree = "<group>"; };
		A395D71628E5B5F9002F719C /* CharacterCoordinatorView.swift */ = {isa = PBXFileReference; lastKnownFileType = sourcecode.swift; path = CharacterCoordinatorView.swift; sourceTree = "<group>"; };
		A395D71C28E5C39C002F719C /* AppContainer.swift */ = {isa = PBXFileReference; lastKnownFileType = sourcecode.swift; path = AppContainer.swift; sourceTree = "<group>"; };
		A395D71E28E5CDA4002F719C /* AppDelegate.swift */ = {isa = PBXFileReference; lastKnownFileType = sourcecode.swift; path = AppDelegate.swift; sourceTree = "<group>"; };
		A3AB78E328E72CDE00FD3C44 /* Networking */ = {isa = PBXFileReference; lastKnownFileType = wrapper; name = Networking; path = BreakingBad/Common/Networking; sourceTree = "<group>"; };
		A3CA7F6F28E6EE95008DF69B /* CharactersListContainer.swift */ = {isa = PBXFileReference; lastKnownFileType = sourcecode.swift; path = CharactersListContainer.swift; sourceTree = "<group>"; };
		A3EC370728E1AF4900329FF4 /* BreakingBad.app */ = {isa = PBXFileReference; explicitFileType = wrapper.application; includeInIndex = 0; path = BreakingBad.app; sourceTree = BUILT_PRODUCTS_DIR; };
		A3EC370A28E1AF4900329FF4 /* BreakingBadApp.swift */ = {isa = PBXFileReference; lastKnownFileType = sourcecode.swift; path = BreakingBadApp.swift; sourceTree = "<group>"; };
		A3EC370E28E1AF4A00329FF4 /* Assets.xcassets */ = {isa = PBXFileReference; lastKnownFileType = folder.assetcatalog; path = Assets.xcassets; sourceTree = "<group>"; };
		A3EC371128E1AF4A00329FF4 /* Preview Assets.xcassets */ = {isa = PBXFileReference; lastKnownFileType = folder.assetcatalog; path = "Preview Assets.xcassets"; sourceTree = "<group>"; };
		A3EE3D8028E70CFF004AD9B7 /* NetworkingInterface */ = {isa = PBXFileReference; lastKnownFileType = wrapper; name = NetworkingInterface; path = BreakingBad/Common/Network/NetworkingInterface; sourceTree = "<group>"; };
		A3EE3D8128E70D0C004AD9B7 /* CharacterList */ = {isa = PBXFileReference; lastKnownFileType = wrapper; path = CharacterList; sourceTree = "<group>"; };
		A3EE3D8228E70D1D004AD9B7 /* CharacterDetails */ = {isa = PBXFileReference; lastKnownFileType = wrapper; path = CharacterDetails; sourceTree = "<group>"; };
/* End PBXFileReference section */

/* Begin PBXFrameworksBuildPhase section */
		A373451528E23EC500DA7143 /* Frameworks */ = {
			isa = PBXFrameworksBuildPhase;
			buildActionMask = 2147483647;
			files = (
			);
			runOnlyForDeploymentPostprocessing = 0;
		};
		A3EC370428E1AF4900329FF4 /* Frameworks */ = {
			isa = PBXFrameworksBuildPhase;
			buildActionMask = 2147483647;
			files = (
				A3AF32CB28E72E9200E6445E /* NetworkingInterface in Frameworks */,
				A346D45F28E72E1C004AEF78 /* Networking in Frameworks */,
				A3EE3D8628E70D9A004AD9B7 /* CharacterList in Frameworks */,
				A3EE3D8428E70D97004AD9B7 /* CharacterDetails in Frameworks */,
			);
			runOnlyForDeploymentPostprocessing = 0;
		};
/* End PBXFrameworksBuildPhase section */

/* Begin PBXGroup section */
		A37344F528E218DB00DA7143 /* Modules */ = {
			isa = PBXGroup;
			children = (
				A324610328E732570073E7D8 /* CharacterModels */,
				A3EE3D8128E70D0C004AD9B7 /* CharacterList */,
				A3EE3D8228E70D1D004AD9B7 /* CharacterDetails */,
			);
			path = Modules;
			sourceTree = "<group>";
		};
		A37344F828E219A900DA7143 /* Common */ = {
			isa = PBXGroup;
			children = (
				A395D71B28E5C384002F719C /* DI */,
				A395D71A28E5C0C2002F719C /* Coordinator */,
			);
			path = Common;
			sourceTree = "<group>";
		};
		A373451928E23EC500DA7143 /* BreakingBadTests */ = {
			isa = PBXGroup;
			children = (
				A373452428E2416100DA7143 /* CharacterListTests */,
			);
			path = BreakingBadTests;
			sourceTree = "<group>";
		};
		A373452428E2416100DA7143 /* CharacterListTests */ = {
			isa = PBXGroup;
			children = (
				A373451A28E23EC500DA7143 /* CharacterListViewModelTests.swift */,
				A373452228E2406700DA7143 /* CharacterListViewModelDoubles.swift */,
			);
			path = CharacterListTests;
			sourceTree = "<group>";
		};
		A395D71A28E5C0C2002F719C /* Coordinator */ = {
			isa = PBXGroup;
			children = (
				A395D71428E5B445002F719C /* CharacterCoordinator.swift */,
				A395D71628E5B5F9002F719C /* CharacterCoordinatorView.swift */,
			);
			path = Coordinator;
			sourceTree = "<group>";
		};
		A395D71B28E5C384002F719C /* DI */ = {
			isa = PBXGroup;
			children = (
				A395D71C28E5C39C002F719C /* AppContainer.swift */,
				A3CA7F6F28E6EE95008DF69B /* CharactersListContainer.swift */,
			);
			path = DI;
			sourceTree = "<group>";
		};
		A3CA7F6C28E6EB94008DF69B /* Frameworks */ = {
			isa = PBXGroup;
			children = (
			);
			name = Frameworks;
			sourceTree = "<group>";
		};
		A3EC36FE28E1AF4900329FF4 = {
			isa = PBXGroup;
			children = (
				A3EE3D7F28E70CFF004AD9B7 /* Packages */,
				A3EC370928E1AF4900329FF4 /* BreakingBad */,
				A373451928E23EC500DA7143 /* BreakingBadTests */,
				A3EC370828E1AF4900329FF4 /* Products */,
				A3CA7F6C28E6EB94008DF69B /* Frameworks */,
			);
			sourceTree = "<group>";
		};
		A3EC370828E1AF4900329FF4 /* Products */ = {
			isa = PBXGroup;
			children = (
				A3EC370728E1AF4900329FF4 /* BreakingBad.app */,
				A373451828E23EC500DA7143 /* BreakingBadTests.xctest */,
			);
			name = Products;
			sourceTree = "<group>";
		};
		A3EC370928E1AF4900329FF4 /* BreakingBad */ = {
			isa = PBXGroup;
			children = (
				A3EC370A28E1AF4900329FF4 /* BreakingBadApp.swift */,
				A395D71E28E5CDA4002F719C /* AppDelegate.swift */,
				A37344F828E219A900DA7143 /* Common */,
				A37344F528E218DB00DA7143 /* Modules */,
				A3EC370E28E1AF4A00329FF4 /* Assets.xcassets */,
				A3EC371028E1AF4A00329FF4 /* Preview Content */,
			);
			path = BreakingBad;
			sourceTree = "<group>";
		};
		A3EC371028E1AF4A00329FF4 /* Preview Content */ = {
			isa = PBXGroup;
			children = (
				A3EC371128E1AF4A00329FF4 /* Preview Assets.xcassets */,
			);
			path = "Preview Content";
			sourceTree = "<group>";
		};
		A3EE3D7F28E70CFF004AD9B7 /* Packages */ = {
			isa = PBXGroup;
			children = (
				A3EE3D8028E70CFF004AD9B7 /* NetworkingInterface */,
				A3AB78E328E72CDE00FD3C44 /* Networking */,
				A3413BB828E7244D003F1CC1 /* Utilities */,
			);
			name = Packages;
			sourceTree = "<group>";
		};
/* End PBXGroup section */

/* Begin PBXNativeTarget section */
		A373451728E23EC500DA7143 /* BreakingBadTests */ = {
			isa = PBXNativeTarget;
			buildConfigurationList = A373451E28E23EC500DA7143 /* Build configuration list for PBXNativeTarget "BreakingBadTests" */;
			buildPhases = (
				A373451428E23EC500DA7143 /* Sources */,
				A373451528E23EC500DA7143 /* Frameworks */,
				A373451628E23EC500DA7143 /* Resources */,
			);
			buildRules = (
			);
			dependencies = (
				A373451D28E23EC500DA7143 /* PBXTargetDependency */,
			);
			name = BreakingBadTests;
			productName = BreakingBadTests;
			productReference = A373451828E23EC500DA7143 /* BreakingBadTests.xctest */;
			productType = "com.apple.product-type.bundle.unit-test";
		};
		A3EC370628E1AF4900329FF4 /* BreakingBad */ = {
			isa = PBXNativeTarget;
			buildConfigurationList = A3EC371528E1AF4A00329FF4 /* Build configuration list for PBXNativeTarget "BreakingBad" */;
			buildPhases = (
				A3EC370328E1AF4900329FF4 /* Sources */,
				A3EC370428E1AF4900329FF4 /* Frameworks */,
				A3EC370528E1AF4900329FF4 /* Resources */,
			);
			buildRules = (
			);
			dependencies = (
			);
			name = BreakingBad;
			packageProductDependencies = (
				A3EE3D8328E70D97004AD9B7 /* CharacterDetails */,
				A3EE3D8528E70D9A004AD9B7 /* CharacterList */,
				A346D45E28E72E1C004AEF78 /* Networking */,
				A3AF32CA28E72E9200E6445E /* NetworkingInterface */,
			);
			productName = BreakingBad;
			productReference = A3EC370728E1AF4900329FF4 /* BreakingBad.app */;
			productType = "com.apple.product-type.application";
		};
/* End PBXNativeTarget section */

/* Begin PBXProject section */
		A3EC36FF28E1AF4900329FF4 /* Project object */ = {
			isa = PBXProject;
			attributes = {
				BuildIndependentTargetsInParallel = 1;
				LastSwiftUpdateCheck = 1310;
				LastUpgradeCheck = 1310;
				TargetAttributes = {
					A373451728E23EC500DA7143 = {
						CreatedOnToolsVersion = 13.1;
						TestTargetID = A3EC370628E1AF4900329FF4;
					};
					A3EC370628E1AF4900329FF4 = {
						CreatedOnToolsVersion = 13.1;
					};
				};
			};
			buildConfigurationList = A3EC370228E1AF4900329FF4 /* Build configuration list for PBXProject "BreakingBad" */;
			compatibilityVersion = "Xcode 13.0";
			developmentRegion = en;
			hasScannedForEncodings = 0;
			knownRegions = (
				en,
				Base,
			);
			mainGroup = A3EC36FE28E1AF4900329FF4;
			packageReferences = (
			);
			productRefGroup = A3EC370828E1AF4900329FF4 /* Products */;
			projectDirPath = "";
			projectRoot = "";
			targets = (
				A3EC370628E1AF4900329FF4 /* BreakingBad */,
				A373451728E23EC500DA7143 /* BreakingBadTests */,
			);
		};
/* End PBXProject section */

/* Begin PBXResourcesBuildPhase section */
		A373451628E23EC500DA7143 /* Resources */ = {
			isa = PBXResourcesBuildPhase;
			buildActionMask = 2147483647;
			files = (
			);
			runOnlyForDeploymentPostprocessing = 0;
		};
		A3EC370528E1AF4900329FF4 /* Resources */ = {
			isa = PBXResourcesBuildPhase;
			buildActionMask = 2147483647;
			files = (
				A3EC371228E1AF4A00329FF4 /* Preview Assets.xcassets in Resources */,
				A3EC370F28E1AF4A00329FF4 /* Assets.xcassets in Resources */,
			);
			runOnlyForDeploymentPostprocessing = 0;
		};
/* End PBXResourcesBuildPhase section */

/* Begin PBXSourcesBuildPhase section */
		A373451428E23EC500DA7143 /* Sources */ = {
			isa = PBXSourcesBuildPhase;
			buildActionMask = 2147483647;
			files = (
				A373451B28E23EC500DA7143 /* CharacterListViewModelTests.swift in Sources */,
				A373452328E2406700DA7143 /* CharacterListViewModelDoubles.swift in Sources */,
			);
			runOnlyForDeploymentPostprocessing = 0;
		};
		A3EC370328E1AF4900329FF4 /* Sources */ = {
			isa = PBXSourcesBuildPhase;
			buildActionMask = 2147483647;
			files = (
				A395D71F28E5CDA4002F719C /* AppDelegate.swift in Sources */,
				A395D71528E5B445002F719C /* CharacterCoordinator.swift in Sources */,
				A395D71728E5B5F9002F719C /* CharacterCoordinatorView.swift in Sources */,
				A3EC370B28E1AF4900329FF4 /* BreakingBadApp.swift in Sources */,
				A3CA7F7028E6EE95008DF69B /* CharactersListContainer.swift in Sources */,
				A395D71D28E5C39C002F719C /* AppContainer.swift in Sources */,
			);
			runOnlyForDeploymentPostprocessing = 0;
		};
/* End PBXSourcesBuildPhase section */

/* Begin PBXTargetDependency section */
		A373451D28E23EC500DA7143 /* PBXTargetDependency */ = {
			isa = PBXTargetDependency;
			target = A3EC370628E1AF4900329FF4 /* BreakingBad */;
			targetProxy = A373451C28E23EC500DA7143 /* PBXContainerItemProxy */;
		};
/* End PBXTargetDependency section */

/* Begin XCBuildConfiguration section */
		A373451F28E23EC500DA7143 /* Debug */ = {
			isa = XCBuildConfiguration;
			buildSettings = {
				BUNDLE_LOADER = "$(TEST_HOST)";
				CODE_SIGN_STYLE = Automatic;
				CURRENT_PROJECT_VERSION = 1;
				DEVELOPMENT_TEAM = T7928YUM2A;
				GENERATE_INFOPLIST_FILE = YES;
				LD_RUNPATH_SEARCH_PATHS = (
					"$(inherited)",
					"@executable_path/Frameworks",
					"@loader_path/Frameworks",
				);
				MARKETING_VERSION = 1.0;
				PRODUCT_BUNDLE_IDENTIFIER = nafie.BreakingBadTests;
				PRODUCT_NAME = "$(TARGET_NAME)";
				SWIFT_EMIT_LOC_STRINGS = NO;
				SWIFT_VERSION = 5.0;
				TARGETED_DEVICE_FAMILY = "1,2";
				TEST_HOST = "$(BUILT_PRODUCTS_DIR)/BreakingBad.app/BreakingBad";
			};
			name = Debug;
		};
		A373452028E23EC500DA7143 /* Release */ = {
			isa = XCBuildConfiguration;
			buildSettings = {
				BUNDLE_LOADER = "$(TEST_HOST)";
				CODE_SIGN_STYLE = Automatic;
				CURRENT_PROJECT_VERSION = 1;
				DEVELOPMENT_TEAM = T7928YUM2A;
				GENERATE_INFOPLIST_FILE = YES;
				LD_RUNPATH_SEARCH_PATHS = (
					"$(inherited)",
					"@executable_path/Frameworks",
					"@loader_path/Frameworks",
				);
				MARKETING_VERSION = 1.0;
				PRODUCT_BUNDLE_IDENTIFIER = nafie.BreakingBadTests;
				PRODUCT_NAME = "$(TARGET_NAME)";
				SWIFT_EMIT_LOC_STRINGS = NO;
				SWIFT_VERSION = 5.0;
				TARGETED_DEVICE_FAMILY = "1,2";
				TEST_HOST = "$(BUILT_PRODUCTS_DIR)/BreakingBad.app/BreakingBad";
			};
			name = Release;
		};
		A3EC371328E1AF4A00329FF4 /* Debug */ = {
			isa = XCBuildConfiguration;
			buildSettings = {
				ALWAYS_SEARCH_USER_PATHS = NO;
				CLANG_ANALYZER_NONNULL = YES;
				CLANG_ANALYZER_NUMBER_OBJECT_CONVERSION = YES_AGGRESSIVE;
				CLANG_CXX_LANGUAGE_STANDARD = "gnu++17";
				CLANG_CXX_LIBRARY = "libc++";
				CLANG_ENABLE_MODULES = YES;
				CLANG_ENABLE_OBJC_ARC = YES;
				CLANG_ENABLE_OBJC_WEAK = YES;
				CLANG_WARN_BLOCK_CAPTURE_AUTORELEASING = YES;
				CLANG_WARN_BOOL_CONVERSION = YES;
				CLANG_WARN_COMMA = YES;
				CLANG_WARN_CONSTANT_CONVERSION = YES;
				CLANG_WARN_DEPRECATED_OBJC_IMPLEMENTATIONS = YES;
				CLANG_WARN_DIRECT_OBJC_ISA_USAGE = YES_ERROR;
				CLANG_WARN_DOCUMENTATION_COMMENTS = YES;
				CLANG_WARN_EMPTY_BODY = YES;
				CLANG_WARN_ENUM_CONVERSION = YES;
				CLANG_WARN_INFINITE_RECURSION = YES;
				CLANG_WARN_INT_CONVERSION = YES;
				CLANG_WARN_NON_LITERAL_NULL_CONVERSION = YES;
				CLANG_WARN_OBJC_IMPLICIT_RETAIN_SELF = YES;
				CLANG_WARN_OBJC_LITERAL_CONVERSION = YES;
				CLANG_WARN_OBJC_ROOT_CLASS = YES_ERROR;
				CLANG_WARN_QUOTED_INCLUDE_IN_FRAMEWORK_HEADER = YES;
				CLANG_WARN_RANGE_LOOP_ANALYSIS = YES;
				CLANG_WARN_STRICT_PROTOTYPES = YES;
				CLANG_WARN_SUSPICIOUS_MOVE = YES;
				CLANG_WARN_UNGUARDED_AVAILABILITY = YES_AGGRESSIVE;
				CLANG_WARN_UNREACHABLE_CODE = YES;
				CLANG_WARN__DUPLICATE_METHOD_MATCH = YES;
				COPY_PHASE_STRIP = NO;
				DEBUG_INFORMATION_FORMAT = dwarf;
				ENABLE_STRICT_OBJC_MSGSEND = YES;
				ENABLE_TESTABILITY = YES;
				GCC_C_LANGUAGE_STANDARD = gnu11;
				GCC_DYNAMIC_NO_PIC = NO;
				GCC_NO_COMMON_BLOCKS = YES;
				GCC_OPTIMIZATION_LEVEL = 0;
				GCC_PREPROCESSOR_DEFINITIONS = (
					"DEBUG=1",
					"$(inherited)",
				);
				GCC_WARN_64_TO_32_BIT_CONVERSION = YES;
				GCC_WARN_ABOUT_RETURN_TYPE = YES_ERROR;
				GCC_WARN_UNDECLARED_SELECTOR = YES;
				GCC_WARN_UNINITIALIZED_AUTOS = YES_AGGRESSIVE;
				GCC_WARN_UNUSED_FUNCTION = YES;
				GCC_WARN_UNUSED_VARIABLE = YES;
				IPHONEOS_DEPLOYMENT_TARGET = 15.0;
				MTL_ENABLE_DEBUG_INFO = INCLUDE_SOURCE;
				MTL_FAST_MATH = YES;
				ONLY_ACTIVE_ARCH = YES;
				SDKROOT = iphoneos;
				SWIFT_ACTIVE_COMPILATION_CONDITIONS = DEBUG;
				SWIFT_OPTIMIZATION_LEVEL = "-Onone";
			};
			name = Debug;
		};
		A3EC371428E1AF4A00329FF4 /* Release */ = {
			isa = XCBuildConfiguration;
			buildSettings = {
				ALWAYS_SEARCH_USER_PATHS = NO;
				CLANG_ANALYZER_NONNULL = YES;
				CLANG_ANALYZER_NUMBER_OBJECT_CONVERSION = YES_AGGRESSIVE;
				CLANG_CXX_LANGUAGE_STANDARD = "gnu++17";
				CLANG_CXX_LIBRARY = "libc++";
				CLANG_ENABLE_MODULES = YES;
				CLANG_ENABLE_OBJC_ARC = YES;
				CLANG_ENABLE_OBJC_WEAK = YES;
				CLANG_WARN_BLOCK_CAPTURE_AUTORELEASING = YES;
				CLANG_WARN_BOOL_CONVERSION = YES;
				CLANG_WARN_COMMA = YES;
				CLANG_WARN_CONSTANT_CONVERSION = YES;
				CLANG_WARN_DEPRECATED_OBJC_IMPLEMENTATIONS = YES;
				CLANG_WARN_DIRECT_OBJC_ISA_USAGE = YES_ERROR;
				CLANG_WARN_DOCUMENTATION_COMMENTS = YES;
				CLANG_WARN_EMPTY_BODY = YES;
				CLANG_WARN_ENUM_CONVERSION = YES;
				CLANG_WARN_INFINITE_RECURSION = YES;
				CLANG_WARN_INT_CONVERSION = YES;
				CLANG_WARN_NON_LITERAL_NULL_CONVERSION = YES;
				CLANG_WARN_OBJC_IMPLICIT_RETAIN_SELF = YES;
				CLANG_WARN_OBJC_LITERAL_CONVERSION = YES;
				CLANG_WARN_OBJC_ROOT_CLASS = YES_ERROR;
				CLANG_WARN_QUOTED_INCLUDE_IN_FRAMEWORK_HEADER = YES;
				CLANG_WARN_RANGE_LOOP_ANALYSIS = YES;
				CLANG_WARN_STRICT_PROTOTYPES = YES;
				CLANG_WARN_SUSPICIOUS_MOVE = YES;
				CLANG_WARN_UNGUARDED_AVAILABILITY = YES_AGGRESSIVE;
				CLANG_WARN_UNREACHABLE_CODE = YES;
				CLANG_WARN__DUPLICATE_METHOD_MATCH = YES;
				COPY_PHASE_STRIP = NO;
				DEBUG_INFORMATION_FORMAT = "dwarf-with-dsym";
				ENABLE_NS_ASSERTIONS = NO;
				ENABLE_STRICT_OBJC_MSGSEND = YES;
				GCC_C_LANGUAGE_STANDARD = gnu11;
				GCC_NO_COMMON_BLOCKS = YES;
				GCC_WARN_64_TO_32_BIT_CONVERSION = YES;
				GCC_WARN_ABOUT_RETURN_TYPE = YES_ERROR;
				GCC_WARN_UNDECLARED_SELECTOR = YES;
				GCC_WARN_UNINITIALIZED_AUTOS = YES_AGGRESSIVE;
				GCC_WARN_UNUSED_FUNCTION = YES;
				GCC_WARN_UNUSED_VARIABLE = YES;
				IPHONEOS_DEPLOYMENT_TARGET = 15.0;
				MTL_ENABLE_DEBUG_INFO = NO;
				MTL_FAST_MATH = YES;
				SDKROOT = iphoneos;
				SWIFT_COMPILATION_MODE = wholemodule;
				SWIFT_OPTIMIZATION_LEVEL = "-O";
				VALIDATE_PRODUCT = YES;
			};
			name = Release;
		};
		A3EC371628E1AF4A00329FF4 /* Debug */ = {
			isa = XCBuildConfiguration;
			buildSettings = {
				ASSETCATALOG_COMPILER_APPICON_NAME = AppIcon;
				ASSETCATALOG_COMPILER_GLOBAL_ACCENT_COLOR_NAME = AccentColor;
				CODE_SIGN_STYLE = Automatic;
				CURRENT_PROJECT_VERSION = 1;
				DEVELOPMENT_ASSET_PATHS = "\"BreakingBad/Preview Content\"";
				DEVELOPMENT_TEAM = T7928YUM2A;
				ENABLE_PREVIEWS = YES;
				GENERATE_INFOPLIST_FILE = YES;
				INFOPLIST_KEY_UIApplicationSceneManifest_Generation = YES;
				INFOPLIST_KEY_UIApplicationSupportsIndirectInputEvents = YES;
				INFOPLIST_KEY_UILaunchScreen_Generation = YES;
				INFOPLIST_KEY_UISupportedInterfaceOrientations_iPad = "UIInterfaceOrientationPortrait UIInterfaceOrientationPortraitUpsideDown UIInterfaceOrientationLandscapeLeft UIInterfaceOrientationLandscapeRight";
				INFOPLIST_KEY_UISupportedInterfaceOrientations_iPhone = "UIInterfaceOrientationPortrait UIInterfaceOrientationLandscapeLeft UIInterfaceOrientationLandscapeRight";
				LD_RUNPATH_SEARCH_PATHS = (
					"$(inherited)",
					"@executable_path/Frameworks",
				);
				MARKETING_VERSION = 1.0;
				PRODUCT_BUNDLE_IDENTIFIER = nafie.BreakingBad;
				PRODUCT_NAME = "$(TARGET_NAME)";
				SWIFT_EMIT_LOC_STRINGS = YES;
				SWIFT_VERSION = 5.0;
				TARGETED_DEVICE_FAMILY = "1,2";
			};
			name = Debug;
		};
		A3EC371728E1AF4A00329FF4 /* Release */ = {
			isa = XCBuildConfiguration;
			buildSettings = {
				ASSETCATALOG_COMPILER_APPICON_NAME = AppIcon;
				ASSETCATALOG_COMPILER_GLOBAL_ACCENT_COLOR_NAME = AccentColor;
				CODE_SIGN_STYLE = Automatic;
				CURRENT_PROJECT_VERSION = 1;
				DEVELOPMENT_ASSET_PATHS = "\"BreakingBad/Preview Content\"";
				DEVELOPMENT_TEAM = T7928YUM2A;
				ENABLE_PREVIEWS = YES;
				GENERATE_INFOPLIST_FILE = YES;
				INFOPLIST_KEY_UIApplicationSceneManifest_Generation = YES;
				INFOPLIST_KEY_UIApplicationSupportsIndirectInputEvents = YES;
				INFOPLIST_KEY_UILaunchScreen_Generation = YES;
				INFOPLIST_KEY_UISupportedInterfaceOrientations_iPad = "UIInterfaceOrientationPortrait UIInterfaceOrientationPortraitUpsideDown UIInterfaceOrientationLandscapeLeft UIInterfaceOrientationLandscapeRight";
				INFOPLIST_KEY_UISupportedInterfaceOrientations_iPhone = "UIInterfaceOrientationPortrait UIInterfaceOrientationLandscapeLeft UIInterfaceOrientationLandscapeRight";
				LD_RUNPATH_SEARCH_PATHS = (
					"$(inherited)",
					"@executable_path/Frameworks",
				);
				MARKETING_VERSION = 1.0;
				PRODUCT_BUNDLE_IDENTIFIER = nafie.BreakingBad;
				PRODUCT_NAME = "$(TARGET_NAME)";
				SWIFT_EMIT_LOC_STRINGS = YES;
				SWIFT_VERSION = 5.0;
				TARGETED_DEVICE_FAMILY = "1,2";
			};
			name = Release;
		};
/* End XCBuildConfiguration section */

/* Begin XCConfigurationList section */
		A373451E28E23EC500DA7143 /* Build configuration list for PBXNativeTarget "BreakingBadTests" */ = {
			isa = XCConfigurationList;
			buildConfigurations = (
				A373451F28E23EC500DA7143 /* Debug */,
				A373452028E23EC500DA7143 /* Release */,
			);
			defaultConfigurationIsVisible = 0;
			defaultConfigurationName = Release;
		};
		A3EC370228E1AF4900329FF4 /* Build configuration list for PBXProject "BreakingBad" */ = {
			isa = XCConfigurationList;
			buildConfigurations = (
				A3EC371328E1AF4A00329FF4 /* Debug */,
				A3EC371428E1AF4A00329FF4 /* Release */,
			);
			defaultConfigurationIsVisible = 0;
			defaultConfigurationName = Release;
		};
		A3EC371528E1AF4A00329FF4 /* Build configuration list for PBXNativeTarget "BreakingBad" */ = {
			isa = XCConfigurationList;
			buildConfigurations = (
				A3EC371628E1AF4A00329FF4 /* Debug */,
				A3EC371728E1AF4A00329FF4 /* Release */,
			);
			defaultConfigurationIsVisible = 0;
			defaultConfigurationName = Release;
		};
/* End XCConfigurationList section */

/* Begin XCSwiftPackageProductDependency section */
		A346D45E28E72E1C004AEF78 /* Networking */ = {
			isa = XCSwiftPackageProductDependency;
			productName = Networking;
		};
		A3AF32CA28E72E9200E6445E /* NetworkingInterface */ = {
			isa = XCSwiftPackageProductDependency;
			productName = NetworkingInterface;
		};
		A3EE3D8328E70D97004AD9B7 /* CharacterDetails */ = {
			isa = XCSwiftPackageProductDependency;
			productName = CharacterDetails;
		};
		A3EE3D8528E70D9A004AD9B7 /* CharacterList */ = {
			isa = XCSwiftPackageProductDependency;
			productName = CharacterList;
		};
/* End XCSwiftPackageProductDependency section */
	};
	rootObject = A3EC36FF28E1AF4900329FF4 /* Project object */;
}
