{
  "pins" : [
    {
      "identity" : "kingfisher",
      "kind" : "remoteSourceControl",
      "location" : "https://github.com/onevcat/Kingfisher.git",
      "state" : {
        "revision" : "be1a1acb283a702b99b630f586877ba02234b4cb",
        "version" : "7.3.2"
      }
    },
    {
      "identity" : "swinject",
      "kind" : "remoteSourceControl",
      "location" : "https://github.com/Swinject/Swinject.git",
      "state" : {
        "revision" : "11e65d83ba100459a41837119a8af32f182339f1",
        "version" : "2.8.2"
      }
    }
  ],
  "version" : 2
}
